
Microsoft Visual Studio Solution File, Format Version 11.00
# Visual C# Express 2010
Project("{FAE04EC0-301F-11D3-BF4B-00C04F79EFBC}") = "AdvancedChat", "AdvancedChat.csproj", "{19FF783E-75C9-44E9-BEC4-CC4A5DC3120C}"
EndProject
Global
	GlobalSection(SolutionConfigurationPlatforms) = preSolution
		Debug|Any CPU = Debug|Any CPU
		Release|Any CPU = Release|Any CPU
	EndGlobalSection
	GlobalSection(ProjectConfigurationPlatforms) = postSolution
		{19FF783E-75C9-44E9-BEC4-CC4A5DC3120C}.Debug|Any CPU.ActiveCfg = Debug|Any CPU
		{19FF783E-75C9-44E9-BEC4-CC4A5DC3120C}.Debug|Any CPU.Build.0 = Debug|Any CPU
		{19FF783E-75C9-44E9-BEC4-CC4A5DC3120C}.Release|Any CPU.ActiveCfg = Release|Any CPU
		{19FF783E-75C9-44E9-BEC4-CC4A5DC3120C}.Release|Any CPU.Build.0 = Release|Any CPU
	EndGlobalSection
	GlobalSection(SolutionProperties) = preSolution
		HideSolutionNode = FALSE
	EndGlobalSection
EndGlobal
